
Microsoft Visual Studio Solution File, Format Version 12.00
# Visual Studio Version 17
VisualStudioVersion = 17.7.34031.279
MinimumVisualStudioVersion = 10.0.40219.1
Project("{9A19103F-16F7-4668-BE54-9A1E7A4F7556}") = "desktop", "desktop\desktop.csproj", "{5D09A405-C23E-4277-A95F-830049D6DC50}"
	ProjectSection(ProjectDependencies) = postProject
		{6142675E-C212-456A-AD80-A84204686998} = {6142675E-C212-456A-AD80-A84204686998}
		{854ABA90-5C76-4D6C-89C5-28B8F2FF169D} = {854ABA90-5C76-4D6C-89C5-28B8F2FF169D}
		{E4BC41E8-8CCC-4C26-BC7C-2FCD6E2933CB} = {E4BC41E8-8CCC-4C26-BC7C-2FCD6E2933CB}
	EndProjectSection
EndProject
Project("{9A19103F-16F7-4668-BE54-9A1E7A4F7556}") = "web", "web\web.csproj", "{0034485B-9189-4F42-BB50-311CBD3817DF}"
	ProjectSection(ProjectDependencies) = postProject
		{6142675E-C212-456A-AD80-A84204686998} = {6142675E-C212-456A-AD80-A84204686998}
		{854ABA90-5C76-4D6C-89C5-28B8F2FF169D} = {854ABA90-5C76-4D6C-89C5-28B8F2FF169D}
		{E4BC41E8-8CCC-4C26-BC7C-2FCD6E2933CB} = {E4BC41E8-8CCC-4C26-BC7C-2FCD6E2933CB}
	EndProjectSection
EndProject
Project("{9A19103F-16F7-4668-BE54-9A1E7A4F7556}") = "BLL", "BLL\BLL.csproj", "{854ABA90-5C76-4D6C-89C5-28B8F2FF169D}"
	ProjectSection(ProjectDependencies) = postProject
		{6142675E-C212-456A-AD80-A84204686998} = {6142675E-C212-456A-AD80-A84204686998}
		{E4BC41E8-8CCC-4C26-BC7C-2FCD6E2933CB} = {E4BC41E8-8CCC-4C26-BC7C-2FCD6E2933CB}
	EndProjectSection
EndProject
Project("{9A19103F-16F7-4668-BE54-9A1E7A4F7556}") = "DAL", "DAL\DAL.csproj", "{6142675E-C212-456A-AD80-A84204686998}"
	ProjectSection(ProjectDependencies) = postProject
		{E4BC41E8-8CCC-4C26-BC7C-2FCD6E2933CB} = {E4BC41E8-8CCC-4C26-BC7C-2FCD6E2933CB}
	EndProjectSection
EndProject
Project("{9A19103F-16F7-4668-BE54-9A1E7A4F7556}") = "Classes", "Classes\Classes.csproj", "{E4BC41E8-8CCC-4C26-BC7C-2FCD6E2933CB}"
EndProject
Project("{FAE04EC0-301F-11D3-BF4B-00C04F79EFBC}") = "testcases", "testcases\testcases.csproj", "{755190BD-5385-414C-A1F6-9E3FE7DA281C}"
EndProject
Global
	GlobalSection(SolutionConfigurationPlatforms) = preSolution
		Debug|Any CPU = Debug|Any CPU
		Release|Any CPU = Release|Any CPU
	EndGlobalSection
	GlobalSection(ProjectConfigurationPlatforms) = postSolution
		{5D09A405-C23E-4277-A95F-830049D6DC50}.Debug|Any CPU.ActiveCfg = Debug|Any CPU
		{5D09A405-C23E-4277-A95F-830049D6DC50}.Debug|Any CPU.Build.0 = Debug|Any CPU
		{5D09A405-C23E-4277-A95F-830049D6DC50}.Release|Any CPU.ActiveCfg = Release|Any CPU
		{5D09A405-C23E-4277-A95F-830049D6DC50}.Release|Any CPU.Build.0 = Release|Any CPU
		{0034485B-9189-4F42-BB50-311CBD3817DF}.Debug|Any CPU.ActiveCfg = Debug|Any CPU
		{0034485B-9189-4F42-BB50-311CBD3817DF}.Debug|Any CPU.Build.0 = Debug|Any CPU
		{0034485B-9189-4F42-BB50-311CBD3817DF}.Release|Any CPU.ActiveCfg = Release|Any CPU
		{0034485B-9189-4F42-BB50-311CBD3817DF}.Release|Any CPU.Build.0 = Release|Any CPU
		{854ABA90-5C76-4D6C-89C5-28B8F2FF169D}.Debug|Any CPU.ActiveCfg = Debug|Any CPU
		{854ABA90-5C76-4D6C-89C5-28B8F2FF169D}.Debug|Any CPU.Build.0 = Debug|Any CPU
		{854ABA90-5C76-4D6C-89C5-28B8F2FF169D}.Release|Any CPU.ActiveCfg = Release|Any CPU
		{854ABA90-5C76-4D6C-89C5-28B8F2FF169D}.Release|Any CPU.Build.0 = Release|Any CPU
		{6142675E-C212-456A-AD80-A84204686998}.Debug|Any CPU.ActiveCfg = Debug|Any CPU
		{6142675E-C212-456A-AD80-A84204686998}.Debug|Any CPU.Build.0 = Debug|Any CPU
		{6142675E-C212-456A-AD80-A84204686998}.Release|Any CPU.ActiveCfg = Release|Any CPU
		{6142675E-C212-456A-AD80-A84204686998}.Release|Any CPU.Build.0 = Release|Any CPU
		{E4BC41E8-8CCC-4C26-BC7C-2FCD6E2933CB}.Debug|Any CPU.ActiveCfg = Debug|Any CPU
		{E4BC41E8-8CCC-4C26-BC7C-2FCD6E2933CB}.Debug|Any CPU.Build.0 = Debug|Any CPU
		{E4BC41E8-8CCC-4C26-BC7C-2FCD6E2933CB}.Release|Any CPU.ActiveCfg = Release|Any CPU
		{E4BC41E8-8CCC-4C26-BC7C-2FCD6E2933CB}.Release|Any CPU.Build.0 = Release|Any CPU
		{755190BD-5385-414C-A1F6-9E3FE7DA281C}.Debug|Any CPU.ActiveCfg = Debug|Any CPU
		{755190BD-5385-414C-A1F6-9E3FE7DA281C}.Debug|Any CPU.Build.0 = Debug|Any CPU
		{755190BD-5385-414C-A1F6-9E3FE7DA281C}.Release|Any CPU.ActiveCfg = Release|Any CPU
		{755190BD-5385-414C-A1F6-9E3FE7DA281C}.Release|Any CPU.Build.0 = Release|Any CPU
	EndGlobalSection
	GlobalSection(SolutionProperties) = preSolution
		HideSolutionNode = FALSE
	EndGlobalSection
	GlobalSection(ExtensibilityGlobals) = postSolution
		SolutionGuid = {4514B1E2-B3C8-4B59-B0B8-E0406D6A775B}
	EndGlobalSection
EndGlobal
